
Microsoft Visual Studio Solution File, Format Version 12.00
# Visual Studio Version 17
VisualStudioVersion = 17.7.34221.43
MinimumVisualStudioVersion = 10.0.40219.1
Project("{FAE04EC0-301F-11D3-BF4B-00C04F79EFBC}") = "Lost_In_Frost_Launcher", "Lost_In_Frost_Launcher\Lost_In_Frost_Launcher.csproj", "{79787D5C-B61C-4237-8242-D331146F6BFB}"
EndProject
Global
	GlobalSection(SolutionConfigurationPlatforms) = preSolution
		Debug|Any CPU = Debug|Any CPU
		Release|Any CPU = Release|Any CPU
	EndGlobalSection
	GlobalSection(ProjectConfigurationPlatforms) = postSolution
		{79787D5C-B61C-4237-8242-D331146F6BFB}.Debug|Any CPU.ActiveCfg = Debug|Any CPU
		{79787D5C-B61C-4237-8242-D331146F6BFB}.Debug|Any CPU.Build.0 = Debug|Any CPU
		{79787D5C-B61C-4237-8242-D331146F6BFB}.Release|Any CPU.ActiveCfg = Release|Any CPU
		{79787D5C-B61C-4237-8242-D331146F6BFB}.Release|Any CPU.Build.0 = Release|Any CPU
	EndGlobalSection
	GlobalSection(SolutionProperties) = preSolution
		HideSolutionNode = FALSE
	EndGlobalSection
	GlobalSection(ExtensibilityGlobals) = postSolution
		SolutionGuid = {25FA0A42-2490-4C16-96A0-6660EDC56745}
	EndGlobalSection
EndGlobal
